// !$*UTF8*$!
{
	archiveVersion = 1;
	classes = {
	};
	objectVersion = 46;
	objects = {

/* Begin PBXBuildFile section */
		B308B3F81940C28C0073B308 /* main.cpp in Sources */ = {isa = PBXBuildFile; fileRef = B308B3F71940C28C0073B308 /* main.cpp */; };
		B308B3FA1940C28C0073B308 /* assign_02.1 in CopyFiles */ = {isa = PBXBuildFile; fileRef = B308B3F91940C28C0073B308 /* assign_02.1 */; };
/* End PBXBuildFile section */

/* Begin PBXCopyFilesBuildPhase section */
		B308B3F21940C28C0073B308 /* CopyFiles */ = {
			isa = PBXCopyFilesBuildPhase;
			buildActionMask = 2147483647;
			dstPath = /usr/share/man/man1/;
			dstSubfolderSpec = 0;
			files = (
				B308B3FA1940C28C0073B308 /* assign_02.1 in CopyFiles */,
			);
			runOnlyForDeploymentPostprocessing = 1;
		};
/* End PBXCopyFilesBuildPhase section */

/* Begin PBXFileReference section */
		B308B3F41940C28C0073B308 /* assign_03 */ = {isa = PBXFileReference; explicitFileType = "compiled.mach-o.executable"; includeInIndex = 0; path = assign_03; sourceTree = BUILT_PRODUCTS_DIR; };
		B308B3F71940C28C0073B308 /* main.cpp */ = {isa = PBXFileReference; lastKnownFileType = sourcecode.cpp.cpp; path = main.cpp; sourceTree = "<group>"; };
		B308B3F91940C28C0073B308 /* assign_02.1 */ = {isa = PBXFileReference; lastKnownFileType = text.man; path = assign_02.1; sourceTree = "<group>"; };
/* End PBXFileReference section */

/* Begin PBXFrameworksBuildPhase section */
		B308B3F11940C28C0073B308 /* Frameworks */ = {
			isa = PBXFrameworksBuildPhase;
			buildActionMask = 2147483647;
			files = (
			);
			runOnlyForDeploymentPostprocessing = 0;
		};
/* End PBXFrameworksBuildPhase section */

/* Begin PBXGroup section */
		B308B3EB1940C28C0073B308 = {
			isa = PBXGroup;
			children = (
				B308B3F61940C28C0073B308 /* assign_03 */,
				B308B3F51940C28C0073B308 /* Products */,
			);
			sourceTree = "<group>";
		};
		B308B3F51940C28C0073B308 /* Products */ = {
			isa = PBXGroup;
			children = (
				B308B3F41940C28C0073B308 /* assign_03 */,
			);
			name = Products;
			sourceTree = "<group>";
		};
		B308B3F61940C28C0073B308 /* assign_03 */ = {
			isa = PBXGroup;
			children = (
				B308B3F71940C28C0073B308 /* main.cpp */,
				B308B3F91940C28C0073B308 /* assign_02.1 */,
			);
			name = assign_03;
			path = assign_02;
			sourceTree = "<group>";
		};
/* End PBXGroup section */

/* Begin PBXNativeTarget section */
		B308B3F31940C28C0073B308 /* assign_03 */ = {
			isa = PBXNativeTarget;
			buildConfigurationList = B308B3FD1940C28C0073B308 /* Build configuration list for PBXNativeTarget "assign_03" */;
			buildPhases = (
				B308B3F01940C28C0073B308 /* Sources */,
				B308B3F11940C28C0073B308 /* Frameworks */,
				B308B3F21940C28C0073B308 /* CopyFiles */,
			);
			buildRules = (
			);
			dependencies = (
			);
			name = assign_03;
			productName = assign_02;
			productReference = B308B3F41940C28C0073B308 /* assign_03 */;
			productType = "com.apple.product-type.tool";
		};
/* End PBXNativeTarget section */

/* Begin PBXProject section */
		B308B3EC1940C28C0073B308 /* Project object */ = {
			isa = PBXProject;
			attributes = {
				LastUpgradeCheck = 0510;
				ORGANIZATIONNAME = "Youchen Ren";
			};
			buildConfigurationList = B308B3EF1940C28C0073B308 /* Build configuration list for PBXProject "assign_03" */;
			compatibilityVersion = "Xcode 3.2";
			developmentRegion = English;
			hasScannedForEncodings = 0;
			knownRegions = (
				en,
			);
			mainGroup = B308B3EB1940C28C0073B308;
			productRefGroup = B308B3F51940C28C0073B308 /* Products */;
			projectDirPath = "";
			projectRoot = "";
			targets = (
				B308B3F31940C28C0073B308 /* assign_03 */,
			);
		};
/* End PBXProject section */

/* Begin PBXSourcesBuildPhase section */
		B308B3F01940C28C0073B308 /* Sources */ = {
			isa = PBXSourcesBuildPhase;
			buildActionMask = 2147483647;
			files = (
				B308B3F81940C28C0073B308 /* main.cpp in Sources */,
			);
			runOnlyForDeploymentPostprocessing = 0;
		};
/* End PBXSourcesBuildPhase section */

/* Begin XCBuildConfiguration section */
		B308B3FB1940C28C0073B308 /* Debug */ = {
			isa = XCBuildConfiguration;
			buildSettings = {
				ALWAYS_SEARCH_USER_PATHS = NO;
				CLANG_CXX_LANGUAGE_STANDARD = "gnu++0x";
				CLANG_CXX_LIBRARY = "libc++";
				CLANG_ENABLE_MODULES = YES;
				CLANG_ENABLE_OBJC_ARC = YES;
				CLANG_WARN_BOOL_CONVERSION = YES;
				CLANG_WARN_CONSTANT_CONVERSION = YES;
				CLANG_WARN_DIRECT_OBJC_ISA_USAGE = YES_ERROR;
				CLANG_WARN_EMPTY_BODY = YES;
				CLANG_WARN_ENUM_CONVERSION = YES;
				CLANG_WARN_INT_CONVERSION = YES;
				CLANG_WARN_OBJC_ROOT_CLASS = YES_ERROR;
				CLANG_WARN__DUPLICATE_METHOD_MATCH = YES;
				COPY_PHASE_STRIP = NO;
				GCC_C_LANGUAGE_STANDARD = gnu99;
				GCC_DYNAMIC_NO_PIC = NO;
				GCC_ENABLE_OBJC_EXCEPTIONS = YES;
				GCC_OPTIMIZATION_LEVEL = 0;
				GCC_PREPROCESSOR_DEFINITIONS = (
					"DEBUG=1",
					"$(inherited)",
				);
				GCC_SYMBOLS_PRIVATE_EXTERN = NO;
				GCC_WARN_64_TO_32_BIT_CONVERSION = YES;
				GCC_WARN_ABOUT_RETURN_TYPE = YES_ERROR;
				GCC_WARN_UNDECLARED_SELECTOR = YES;
				GCC_WARN_UNINITIALIZED_AUTOS = YES_AGGRESSIVE;
				GCC_WARN_UNUSED_FUNCTION = YES;
				GCC_WARN_UNUSED_VARIABLE = YES;
				MACOSX_DEPLOYMENT_TARGET = 10.9;
				ONLY_ACTIVE_ARCH = YES;
				SDKROOT = macosx;
			};
			name = Debug;
		};
		B308B3FC1940C28C0073B308 /* Release */ = {
			isa = XCBuildConfiguration;
			buildSettings = {
				ALWAYS_SEARCH_USER_PATHS = NO;
				CLANG_CXX_LANGUAGE_STANDARD = "gnu++0x";
				CLANG_CXX_LIBRARY = "libc++";
				CLANG_ENABLE_MODULES = YES;
				CLANG_ENABLE_OBJC_ARC = YES;
				CLANG_WARN_BOOL_CONVERSION = YES;
				CLANG_WARN_CONSTANT_CONVERSION = YES;
				CLANG_WARN_DIRECT_OBJC_ISA_USAGE = YES_ERROR;
				CLANG_WARN_EMPTY_BODY = YES;
				CLANG_WARN_ENUM_CONVERSION = YES;
				CLANG_WARN_INT_CONVERSION = YES;
				CLANG_WARN_OBJC_ROOT_CLASS = YES_ERROR;
				CLANG_WARN__DUPLICATE_METHOD_MATCH = YES;
				COPY_PHASE_STRIP = YES;
				DEBUG_INFORMATION_FORMAT = "dwarf-with-dsym";
				ENABLE_NS_ASSERTIONS = NO;
				GCC_C_LANGUAGE_STANDARD = gnu99;
				GCC_ENABLE_OBJC_EXCEPTIONS = YES;
				GCC_WARN_64_TO_32_BIT_CONVERSION = YES;
				GCC_WARN_ABOUT_RETURN_TYPE = YES_ERROR;
				GCC_WARN_UNDECLARED_SELECTOR = YES;
				GCC_WARN_UNINITIALIZED_AUTOS = YES_AGGRESSIVE;
				GCC_WARN_UNUSED_FUNCTION = YES;
				GCC_WARN_UNUSED_VARIABLE = YES;
				MACOSX_DEPLOYMENT_TARGET = 10.9;
				SDKROOT = macosx;
			};
			name = Release;
		};
		B308B3FE1940C28C0073B308 /* Debug */ = {
			isa = XCBuildConfiguration;
			buildSettings = {
				PRODUCT_NAME = assign_03;
			};
			name = Debug;
		};
		B308B3FF1940C28C0073B308 /* Release */ = {
			isa = XCBuildConfiguration;
			buildSettings = {
				PRODUCT_NAME = assign_03;
			};
			name = Release;
		};
/* End XCBuildConfiguration section */

/* Begin XCConfigurationList section */
		B308B3EF1940C28C0073B308 /* Build configuration list for PBXProject "assign_03" */ = {
			isa = XCConfigurationList;
			buildConfigurations = (
				B308B3FB1940C28C0073B308 /* Debug */,
				B308B3FC1940C28C0073B308 /* Release */,
			);
			defaultConfigurationIsVisible = 0;
			defaultConfigurationName = Release;
		};
		B308B3FD1940C28C0073B308 /* Build configuration list for PBXNativeTarget "assign_03" */ = {
			isa = XCConfigurationList;
			buildConfigurations = (
				B308B3FE1940C28C0073B308 /* Debug */,
				B308B3FF1940C28C0073B308 /* Release */,
			);
			defaultConfigurationIsVisible = 0;
			defaultConfigurationName = Release;
		};
/* End XCConfigurationList section */
	};
	rootObject = B308B3EC1940C28C0073B308 /* Project object */;
}
